
Microsoft Visual Studio Solution File, Format Version 12.00
# Visual Studio Version 17
VisualStudioVersion = 17.5.002.0
MinimumVisualStudioVersion = 10.0.40219.1
Project("{9A19103F-16F7-4668-BE54-9A1E7A4F7556}") = "AsciiArt", "AsciiArt.csproj", "{DC5EDCEF-52C4-4D60-8F04-57AFED501ED1}"
EndProject
Global
	GlobalSection(SolutionConfigurationPlatforms) = preSolution
		Debug|Any CPU = Debug|Any CPU
		Release|Any CPU = Release|Any CPU
	EndGlobalSection
	GlobalSection(ProjectConfigurationPlatforms) = postSolution
		{DC5EDCEF-52C4-4D60-8F04-57AFED501ED1}.Debug|Any CPU.ActiveCfg = Debug|Any CPU
		{DC5EDCEF-52C4-4D60-8F04-57AFED501ED1}.Debug|Any CPU.Build.0 = Debug|Any CPU
		{DC5EDCEF-52C4-4D60-8F04-57AFED501ED1}.Release|Any CPU.ActiveCfg = Release|Any CPU
		{DC5EDCEF-52C4-4D60-8F04-57AFED501ED1}.Release|Any CPU.Build.0 = Release|Any CPU
	EndGlobalSection
	GlobalSection(SolutionProperties) = preSolution
		HideSolutionNode = FALSE
	EndGlobalSection
	GlobalSection(ExtensibilityGlobals) = postSolution
		SolutionGuid = {E5CC94D4-4EA3-4FB0-AEBF-59F20AFB0B49}
	EndGlobalSection
EndGlobal
